
Microsoft Visual Studio Solution File, Format Version 12.00
# Visual Studio 15
VisualStudioVersion = 15.0.28010.0
MinimumVisualStudioVersion = 10.0.40219.1
Project("{FAE04EC0-301F-11D3-BF4B-00C04F79EFBC}") = "ConsoleApp4", "ConsoleApp4\ConsoleApp4.csproj", "{EC8C63A7-B341-45FB-B9A7-498C814D0526}"
EndProject
Global
	GlobalSection(SolutionConfigurationPlatforms) = preSolution
		Debug|Any CPU = Debug|Any CPU
		Release|Any CPU = Release|Any CPU
	EndGlobalSection
	GlobalSection(ProjectConfigurationPlatforms) = postSolution
		{EC8C63A7-B341-45FB-B9A7-498C814D0526}.Debug|Any CPU.ActiveCfg = Debug|Any CPU
		{EC8C63A7-B341-45FB-B9A7-498C814D0526}.Debug|Any CPU.Build.0 = Debug|Any CPU
		{EC8C63A7-B341-45FB-B9A7-498C814D0526}.Release|Any CPU.ActiveCfg = Release|Any CPU
		{EC8C63A7-B341-45FB-B9A7-498C814D0526}.Release|Any CPU.Build.0 = Release|Any CPU
	EndGlobalSection
	GlobalSection(SolutionProperties) = preSolution
		HideSolutionNode = FALSE
	EndGlobalSection
	GlobalSection(ExtensibilityGlobals) = postSolution
		SolutionGuid = {D6654013-14A1-4628-80F7-0705739CBA5A}
	EndGlobalSection
EndGlobal
